
Microsoft Visual Studio Solution File, Format Version 12.00
# Visual Studio Version 17
VisualStudioVersion = 17.5.002.0
MinimumVisualStudioVersion = 10.0.40219.1
Project("{9A19103F-16F7-4668-BE54-9A1E7A4F7556}") = "AdventOfCode2023", "AdventOfCode2023.csproj", "{49DC8B9F-26FA-4BD3-A67D-97B905659041}"
EndProject
Global
	GlobalSection(SolutionConfigurationPlatforms) = preSolution
		Debug|Any CPU = Debug|Any CPU
		Release|Any CPU = Release|Any CPU
	EndGlobalSection
	GlobalSection(ProjectConfigurationPlatforms) = postSolution
		{49DC8B9F-26FA-4BD3-A67D-97B905659041}.Debug|Any CPU.ActiveCfg = Debug|Any CPU
		{49DC8B9F-26FA-4BD3-A67D-97B905659041}.Debug|Any CPU.Build.0 = Debug|Any CPU
		{49DC8B9F-26FA-4BD3-A67D-97B905659041}.Release|Any CPU.ActiveCfg = Release|Any CPU
		{49DC8B9F-26FA-4BD3-A67D-97B905659041}.Release|Any CPU.Build.0 = Release|Any CPU
	EndGlobalSection
	GlobalSection(SolutionProperties) = preSolution
		HideSolutionNode = FALSE
	EndGlobalSection
	GlobalSection(ExtensibilityGlobals) = postSolution
		SolutionGuid = {C50195A4-0B34-48AF-BE4A-EE689E4A62E6}
	EndGlobalSection
EndGlobal
